// !$*UTF8*$!
{
	archiveVersion = 1;
	classes = {
	};
	objectVersion = 56;
	objects = {

/* Begin PBXBuildFile section */
		12BD8F552C17AE300069D5DB /* AppDelegate.swift in Sources */ = {isa = PBXBuildFile; fileRef = 12BD8F542C17AE300069D5DB /* AppDelegate.swift */; };
		12BD8F572C17AE300069D5DB /* SceneDelegate.swift in Sources */ = {isa = PBXBuildFile; fileRef = 12BD8F562C17AE300069D5DB /* SceneDelegate.swift */; };
		12BD8F592C17AE300069D5DB /* ViewController.swift in Sources */ = {isa = PBXBuildFile; fileRef = 12BD8F582C17AE300069D5DB /* ViewController.swift */; };
		12BD8F5C2C17AE300069D5DB /* Main.storyboard in Resources */ = {isa = PBXBuildFile; fileRef = 12BD8F5A2C17AE300069D5DB /* Main.storyboard */; };
		12BD8F5E2C17AE310069D5DB /* Assets.xcassets in Resources */ = {isa = PBXBuildFile; fileRef = 12BD8F5D2C17AE310069D5DB /* Assets.xcassets */; };
		12BD8F612C17AE310069D5DB /* LaunchScreen.storyboard in Resources */ = {isa = PBXBuildFile; fileRef = 12BD8F5F2C17AE310069D5DB /* LaunchScreen.storyboard */; };
		12BD8F6B2C17B3BA0069D5DB /* Users.swift in Sources */ = {isa = PBXBuildFile; fileRef = 12BD8F6A2C17B3BA0069D5DB /* Users.swift */; };
		12BD8F6D2C17C0950069D5DB /* viewControllerBuscar.swift in Sources */ = {isa = PBXBuildFile; fileRef = 12BD8F6C2C17C0950069D5DB /* viewControllerBuscar.swift */; };
		12BD8F6F2C17C0DA0069D5DB /* Peliculas.swift in Sources */ = {isa = PBXBuildFile; fileRef = 12BD8F6E2C17C0DA0069D5DB /* Peliculas.swift */; };
/* End PBXBuildFile section */

/* Begin PBXFileReference section */
		12BD8F512C17AE300069D5DB /* JSONRESTful.app */ = {isa = PBXFileReference; explicitFileType = wrapper.application; includeInIndex = 0; path = JSONRESTful.app; sourceTree = BUILT_PRODUCTS_DIR; };
		12BD8F542C17AE300069D5DB /* AppDelegate.swift */ = {isa = PBXFileReference; lastKnownFileType = sourcecode.swift; path = AppDelegate.swift; sourceTree = "<group>"; };
		12BD8F562C17AE300069D5DB /* SceneDelegate.swift */ = {isa = PBXFileReference; lastKnownFileType = sourcecode.swift; path = SceneDelegate.swift; sourceTree = "<group>"; };
		12BD8F582C17AE300069D5DB /* ViewController.swift */ = {isa = PBXFileReference; lastKnownFileType = sourcecode.swift; path = ViewController.swift; sourceTree = "<group>"; };
		12BD8F5B2C17AE300069D5DB /* Base */ = {isa = PBXFileReference; lastKnownFileType = file.storyboard; name = Base; path = Base.lproj/Main.storyboard; sourceTree = "<group>"; };
		12BD8F5D2C17AE310069D5DB /* Assets.xcassets */ = {isa = PBXFileReference; lastKnownFileType = folder.assetcatalog; path = Assets.xcassets; sourceTree = "<group>"; };
		12BD8F602C17AE310069D5DB /* Base */ = {isa = PBXFileReference; lastKnownFileType = file.storyboard; name = Base; path = Base.lproj/LaunchScreen.storyboard; sourceTree = "<group>"; };
		12BD8F622C17AE310069D5DB /* Info.plist */ = {isa = PBXFileReference; lastKnownFileType = text.plist.xml; path = Info.plist; sourceTree = "<group>"; };
		12BD8F6A2C17B3BA0069D5DB /* Users.swift */ = {isa = PBXFileReference; lastKnownFileType = sourcecode.swift; path = Users.swift; sourceTree = "<group>"; };
		12BD8F6C2C17C0950069D5DB /* viewControllerBuscar.swift */ = {isa = PBXFileReference; lastKnownFileType = sourcecode.swift; path = viewControllerBuscar.swift; sourceTree = "<group>"; };
		12BD8F6E2C17C0DA0069D5DB /* Peliculas.swift */ = {isa = PBXFileReference; lastKnownFileType = sourcecode.swift; path = Peliculas.swift; sourceTree = "<group>"; };
/* End PBXFileReference section */

/* Begin PBXFrameworksBuildPhase section */
		12BD8F4E2C17AE300069D5DB /* Frameworks */ = {
			isa = PBXFrameworksBuildPhase;
			buildActionMask = 2147483647;
			files = (
			);
			runOnlyForDeploymentPostprocessing = 0;
		};
/* End PBXFrameworksBuildPhase section */

/* Begin PBXGroup section */
		12BD8F482C17AE300069D5DB = {
			isa = PBXGroup;
			children = (
				12BD8F532C17AE300069D5DB /* JSONRESTful */,
				12BD8F522C17AE300069D5DB /* Products */,
			);
			sourceTree = "<group>";
		};
		12BD8F522C17AE300069D5DB /* Products */ = {
			isa = PBXGroup;
			children = (
				12BD8F512C17AE300069D5DB /* JSONRESTful.app */,
			);
			name = Products;
			sourceTree = "<group>";
		};
		12BD8F532C17AE300069D5DB /* JSONRESTful */ = {
			isa = PBXGroup;
			children = (
				12BD8F542C17AE300069D5DB /* AppDelegate.swift */,
				12BD8F562C17AE300069D5DB /* SceneDelegate.swift */,
				12BD8F582C17AE300069D5DB /* ViewController.swift */,
				12BD8F5A2C17AE300069D5DB /* Main.storyboard */,
				12BD8F5D2C17AE310069D5DB /* Assets.xcassets */,
				12BD8F5F2C17AE310069D5DB /* LaunchScreen.storyboard */,
				12BD8F622C17AE310069D5DB /* Info.plist */,
				12BD8F6A2C17B3BA0069D5DB /* Users.swift */,
				12BD8F6C2C17C0950069D5DB /* viewControllerBuscar.swift */,
				12BD8F6E2C17C0DA0069D5DB /* Peliculas.swift */,
			);
			path = JSONRESTful;
			sourceTree = "<group>";
		};
/* End PBXGroup section */

/* Begin PBXNativeTarget section */
		12BD8F502C17AE300069D5DB /* JSONRESTful */ = {
			isa = PBXNativeTarget;
			buildConfigurationList = 12BD8F652C17AE310069D5DB /* Build configuration list for PBXNativeTarget "JSONRESTful" */;
			buildPhases = (
				12BD8F4D2C17AE300069D5DB /* Sources */,
				12BD8F4E2C17AE300069D5DB /* Frameworks */,
				12BD8F4F2C17AE300069D5DB /* Resources */,
			);
			buildRules = (
			);
			dependencies = (
			);
			name = JSONRESTful;
			productName = JSONRESTful;
			productReference = 12BD8F512C17AE300069D5DB /* JSONRESTful.app */;
			productType = "com.apple.product-type.application";
		};
/* End PBXNativeTarget section */

/* Begin PBXProject section */
		12BD8F492C17AE300069D5DB /* Project object */ = {
			isa = PBXProject;
			attributes = {
				BuildIndependentTargetsInParallel = 1;
				LastSwiftUpdateCheck = 1430;
				LastUpgradeCheck = 1430;
				TargetAttributes = {
					12BD8F502C17AE300069D5DB = {
						CreatedOnToolsVersion = 14.3;
					};
				};
			};
			buildConfigurationList = 12BD8F4C2C17AE300069D5DB /* Build configuration list for PBXProject "JSONRESTful" */;
			compatibilityVersion = "Xcode 14.0";
			developmentRegion = en;
			hasScannedForEncodings = 0;
			knownRegions = (
				en,
				Base,
			);
			mainGroup = 12BD8F482C17AE300069D5DB;
			productRefGroup = 12BD8F522C17AE300069D5DB /* Products */;
			projectDirPath = "";
			projectRoot = "";
			targets = (
				12BD8F502C17AE300069D5DB /* JSONRESTful */,
			);
		};
/* End PBXProject section */

/* Begin PBXResourcesBuildPhase section */
		12BD8F4F2C17AE300069D5DB /* Resources */ = {
			isa = PBXResourcesBuildPhase;
			buildActionMask = 2147483647;
			files = (
				12BD8F612C17AE310069D5DB /* LaunchScreen.storyboard in Resources */,
				12BD8F5E2C17AE310069D5DB /* Assets.xcassets in Resources */,
				12BD8F5C2C17AE300069D5DB /* Main.storyboard in Resources */,
			);
			runOnlyForDeploymentPostprocessing = 0;
		};
/* End PBXResourcesBuildPhase section */

/* Begin PBXSourcesBuildPhase section */
		12BD8F4D2C17AE300069D5DB /* Sources */ = {
			isa = PBXSourcesBuildPhase;
			buildActionMask = 2147483647;
			files = (
				12BD8F6F2C17C0DA0069D5DB /* Peliculas.swift in Sources */,
				12BD8F6B2C17B3BA0069D5DB /* Users.swift in Sources */,
				12BD8F592C17AE300069D5DB /* ViewController.swift in Sources */,
				12BD8F552C17AE300069D5DB /* AppDelegate.swift in Sources */,
				12BD8F572C17AE300069D5DB /* SceneDelegate.swift in Sources */,
				12BD8F6D2C17C0950069D5DB /* viewControllerBuscar.swift in Sources */,
			);
			runOnlyForDeploymentPostprocessing = 0;
		};
/* End PBXSourcesBuildPhase section */

/* Begin PBXVariantGroup section */
		12BD8F5A2C17AE300069D5DB /* Main.storyboard */ = {
			isa = PBXVariantGroup;
			children = (
				12BD8F5B2C17AE300069D5DB /* Base */,
			);
			name = Main.storyboard;
			sourceTree = "<group>";
		};
		12BD8F5F2C17AE310069D5DB /* LaunchScreen.storyboard */ = {
			isa = PBXVariantGroup;
			children = (
				12BD8F602C17AE310069D5DB /* Base */,
			);
			name = LaunchScreen.storyboard;
			sourceTree = "<group>";
		};
/* End PBXVariantGroup section */

/* Begin XCBuildConfiguration section */
		12BD8F632C17AE310069D5DB /* Debug */ = {
			isa = XCBuildConfiguration;
			buildSettings = {
				ALWAYS_SEARCH_USER_PATHS = NO;
				CLANG_ANALYZER_NONNULL = YES;
				CLANG_ANALYZER_NUMBER_OBJECT_CONVERSION = YES_AGGRESSIVE;
				CLANG_CXX_LANGUAGE_STANDARD = "gnu++20";
				CLANG_ENABLE_MODULES = YES;
				CLANG_ENABLE_OBJC_ARC = YES;
				CLANG_ENABLE_OBJC_WEAK = YES;
				CLANG_WARN_BLOCK_CAPTURE_AUTORELEASING = YES;
				CLANG_WARN_BOOL_CONVERSION = YES;
				CLANG_WARN_COMMA = YES;
				CLANG_WARN_CONSTANT_CONVERSION = YES;
				CLANG_WARN_DEPRECATED_OBJC_IMPLEMENTATIONS = YES;
				CLANG_WARN_DIRECT_OBJC_ISA_USAGE = YES_ERROR;
				CLANG_WARN_DOCUMENTATION_COMMENTS = YES;
				CLANG_WARN_EMPTY_BODY = YES;
				CLANG_WARN_ENUM_CONVERSION = YES;
				CLANG_WARN_INFINITE_RECURSION = YES;
				CLANG_WARN_INT_CONVERSION = YES;
				CLANG_WARN_NON_LITERAL_NULL_CONVERSION = YES;
				CLANG_WARN_OBJC_IMPLICIT_RETAIN_SELF = YES;
				CLANG_WARN_OBJC_LITERAL_CONVERSION = YES;
				CLANG_WARN_OBJC_ROOT_CLASS = YES_ERROR;
				CLANG_WARN_QUOTED_INCLUDE_IN_FRAMEWORK_HEADER = YES;
				CLANG_WARN_RANGE_LOOP_ANALYSIS = YES;
				CLANG_WARN_STRICT_PROTOTYPES = YES;
				CLANG_WARN_SUSPICIOUS_MOVE = YES;
				CLANG_WARN_UNGUARDED_AVAILABILITY = YES_AGGRESSIVE;
				CLANG_WARN_UNREACHABLE_CODE = YES;
				CLANG_WARN__DUPLICATE_METHOD_MATCH = YES;
				COPY_PHASE_STRIP = NO;
				DEBUG_INFORMATION_FORMAT = dwarf;
				ENABLE_STRICT_OBJC_MSGSEND = YES;
				ENABLE_TESTABILITY = YES;
				GCC_C_LANGUAGE_STANDARD = gnu11;
				GCC_DYNAMIC_NO_PIC = NO;
				GCC_NO_COMMON_BLOCKS = YES;
				GCC_OPTIMIZATION_LEVEL = 0;
				GCC_PREPROCESSOR_DEFINITIONS = (
					"DEBUG=1",
					"$(inherited)",
				);
				GCC_WARN_64_TO_32_BIT_CONVERSION = YES;
				GCC_WARN_ABOUT_RETURN_TYPE = YES_ERROR;
				GCC_WARN_UNDECLARED_SELECTOR = YES;
				GCC_WARN_UNINITIALIZED_AUTOS = YES_AGGRESSIVE;
				GCC_WARN_UNUSED_FUNCTION = YES;
				GCC_WARN_UNUSED_VARIABLE = YES;
				IPHONEOS_DEPLOYMENT_TARGET = 16.4;
				MTL_ENABLE_DEBUG_INFO = INCLUDE_SOURCE;
				MTL_FAST_MATH = YES;
				ONLY_ACTIVE_ARCH = YES;
				SDKROOT = iphoneos;
				SWIFT_ACTIVE_COMPILATION_CONDITIONS = DEBUG;
				SWIFT_OPTIMIZATION_LEVEL = "-Onone";
			};
			name = Debug;
		};
		12BD8F642C17AE310069D5DB /* Release */ = {
			isa = XCBuildConfiguration;
			buildSettings = {
				ALWAYS_SEARCH_USER_PATHS = NO;
				CLANG_ANALYZER_NONNULL = YES;
				CLANG_ANALYZER_NUMBER_OBJECT_CONVERSION = YES_AGGRESSIVE;
				CLANG_CXX_LANGUAGE_STANDARD = "gnu++20";
				CLANG_ENABLE_MODULES = YES;
				CLANG_ENABLE_OBJC_ARC = YES;
				CLANG_ENABLE_OBJC_WEAK = YES;
				CLANG_WARN_BLOCK_CAPTURE_AUTORELEASING = YES;
				CLANG_WARN_BOOL_CONVERSION = YES;
				CLANG_WARN_COMMA = YES;
				CLANG_WARN_CONSTANT_CONVERSION = YES;
				CLANG_WARN_DEPRECATED_OBJC_IMPLEMENTATIONS = YES;
				CLANG_WARN_DIRECT_OBJC_ISA_USAGE = YES_ERROR;
				CLANG_WARN_DOCUMENTATION_COMMENTS = YES;
				CLANG_WARN_EMPTY_BODY = YES;
				CLANG_WARN_ENUM_CONVERSION = YES;
				CLANG_WARN_INFINITE_RECURSION = YES;
				CLANG_WARN_INT_CONVERSION = YES;
				CLANG_WARN_NON_LITERAL_NULL_CONVERSION = YES;
				CLANG_WARN_OBJC_IMPLICIT_RETAIN_SELF = YES;
				CLANG_WARN_OBJC_LITERAL_CONVERSION = YES;
				CLANG_WARN_OBJC_ROOT_CLASS = YES_ERROR;
				CLANG_WARN_QUOTED_INCLUDE_IN_FRAMEWORK_HEADER = YES;
				CLANG_WARN_RANGE_LOOP_ANALYSIS = YES;
				CLANG_WARN_STRICT_PROTOTYPES = YES;
				CLANG_WARN_SUSPICIOUS_MOVE = YES;
				CLANG_WARN_UNGUARDED_AVAILABILITY = YES_AGGRESSIVE;
				CLANG_WARN_UNREACHABLE_CODE = YES;
				CLANG_WARN__DUPLICATE_METHOD_MATCH = YES;
				COPY_PHASE_STRIP = NO;
				DEBUG_INFORMATION_FORMAT = "dwarf-with-dsym";
				ENABLE_NS_ASSERTIONS = NO;
				ENABLE_STRICT_OBJC_MSGSEND = YES;
				GCC_C_LANGUAGE_STANDARD = gnu11;
				GCC_NO_COMMON_BLOCKS = YES;
				GCC_WARN_64_TO_32_BIT_CONVERSION = YES;
				GCC_WARN_ABOUT_RETURN_TYPE = YES_ERROR;
				GCC_WARN_UNDECLARED_SELECTOR = YES;
				GCC_WARN_UNINITIALIZED_AUTOS = YES_AGGRESSIVE;
				GCC_WARN_UNUSED_FUNCTION = YES;
				GCC_WARN_UNUSED_VARIABLE = YES;
				IPHONEOS_DEPLOYMENT_TARGET = 16.4;
				MTL_ENABLE_DEBUG_INFO = NO;
				MTL_FAST_MATH = YES;
				SDKROOT = iphoneos;
				SWIFT_COMPILATION_MODE = wholemodule;
				SWIFT_OPTIMIZATION_LEVEL = "-O";
				VALIDATE_PRODUCT = YES;
			};
			name = Release;
		};
		12BD8F662C17AE310069D5DB /* Debug */ = {
			isa = XCBuildConfiguration;
			buildSettings = {
				ASSETCATALOG_COMPILER_APPICON_NAME = AppIcon;
				ASSETCATALOG_COMPILER_GLOBAL_ACCENT_COLOR_NAME = AccentColor;
				CODE_SIGN_STYLE = Automatic;
				CURRENT_PROJECT_VERSION = 1;
				GENERATE_INFOPLIST_FILE = YES;
				INFOPLIST_FILE = JSONRESTful/Info.plist;
				INFOPLIST_KEY_UIApplicationSupportsIndirectInputEvents = YES;
				INFOPLIST_KEY_UILaunchStoryboardName = LaunchScreen;
				INFOPLIST_KEY_UIMainStoryboardFile = Main;
				INFOPLIST_KEY_UISupportedInterfaceOrientations_iPad = "UIInterfaceOrientationPortrait UIInterfaceOrientationPortraitUpsideDown UIInterfaceOrientationLandscapeLeft UIInterfaceOrientationLandscapeRight";
				INFOPLIST_KEY_UISupportedInterfaceOrientations_iPhone = "UIInterfaceOrientationPortrait UIInterfaceOrientationLandscapeLeft UIInterfaceOrientationLandscapeRight";
				LD_RUNPATH_SEARCH_PATHS = (
					"$(inherited)",
					"@executable_path/Frameworks",
				);
				MARKETING_VERSION = 1.0;
				PRODUCT_BUNDLE_IDENTIFIER = deah.JSONRESTful;
				PRODUCT_NAME = "$(TARGET_NAME)";
				SWIFT_EMIT_LOC_STRINGS = YES;
				SWIFT_VERSION = 5.0;
				TARGETED_DEVICE_FAMILY = "1,2";
			};
			name = Debug;
		};
		12BD8F672C17AE310069D5DB /* Release */ = {
			isa = XCBuildConfiguration;
			buildSettings = {
				ASSETCATALOG_COMPILER_APPICON_NAME = AppIcon;
				ASSETCATALOG_COMPILER_GLOBAL_ACCENT_COLOR_NAME = AccentColor;
				CODE_SIGN_STYLE = Automatic;
				CURRENT_PROJECT_VERSION = 1;
				GENERATE_INFOPLIST_FILE = YES;
				INFOPLIST_FILE = JSONRESTful/Info.plist;
				INFOPLIST_KEY_UIApplicationSupportsIndirectInputEvents = YES;
				INFOPLIST_KEY_UILaunchStoryboardName = LaunchScreen;
				INFOPLIST_KEY_UIMainStoryboardFile = Main;
				INFOPLIST_KEY_UISupportedInterfaceOrientations_iPad = "UIInterfaceOrientationPortrait UIInterfaceOrientationPortraitUpsideDown UIInterfaceOrientationLandscapeLeft UIInterfaceOrientationLandscapeRight";
				INFOPLIST_KEY_UISupportedInterfaceOrientations_iPhone = "UIInterfaceOrientationPortrait UIInterfaceOrientationLandscapeLeft UIInterfaceOrientationLandscapeRight";
				LD_RUNPATH_SEARCH_PATHS = (
					"$(inherited)",
					"@executable_path/Frameworks",
				);
				MARKETING_VERSION = 1.0;
				PRODUCT_BUNDLE_IDENTIFIER = deah.JSONRESTful;
				PRODUCT_NAME = "$(TARGET_NAME)";
				SWIFT_EMIT_LOC_STRINGS = YES;
				SWIFT_VERSION = 5.0;
				TARGETED_DEVICE_FAMILY = "1,2";
			};
			name = Release;
		};
/* End XCBuildConfiguration section */

/* Begin XCConfigurationList section */
		12BD8F4C2C17AE300069D5DB /* Build configuration list for PBXProject "JSONRESTful" */ = {
			isa = XCConfigurationList;
			buildConfigurations = (
				12BD8F632C17AE310069D5DB /* Debug */,
				12BD8F642C17AE310069D5DB /* Release */,
			);
			defaultConfigurationIsVisible = 0;
			defaultConfigurationName = Release;
		};
		12BD8F652C17AE310069D5DB /* Build configuration list for PBXNativeTarget "JSONRESTful" */ = {
			isa = XCConfigurationList;
			buildConfigurations = (
				12BD8F662C17AE310069D5DB /* Debug */,
				12BD8F672C17AE310069D5DB /* Release */,
			);
			defaultConfigurationIsVisible = 0;
			defaultConfigurationName = Release;
		};
/* End XCConfigurationList section */
	};
	rootObject = 12BD8F492C17AE300069D5DB /* Project object */;
}
